
Microsoft Visual Studio Solution File, Format Version 12.00
# Visual Studio Version 17
VisualStudioVersion = 17.10.35004.147
MinimumVisualStudioVersion = 10.0.40219.1
Project("{9A19103F-16F7-4668-BE54-9A1E7A4F7556}") = "Sprava Vyrobku a Dilu", "Sprava Vyrobku a Dilu\Sprava Vyrobku a Dilu.csproj", "{5149D29C-C724-47A0-87C2-DABDA9B129CE}"
EndProject
Project("{FAE04EC0-301F-11D3-BF4B-00C04F79EFBC}") = "Sprava Vyrobku a Dilu.Database", "Sprava Vyrobku a Dilu.Database\Sprava Vyrobku a Dilu.Database.csproj", "{F61E55B9-DEB1-456F-BE8B-D0174C0DB906}"
EndProject
Global
	GlobalSection(SolutionConfigurationPlatforms) = preSolution
		Debug|Any CPU = Debug|Any CPU
		Release|Any CPU = Release|Any CPU
	EndGlobalSection
	GlobalSection(ProjectConfigurationPlatforms) = postSolution
		{5149D29C-C724-47A0-87C2-DABDA9B129CE}.Debug|Any CPU.ActiveCfg = Debug|Any CPU
		{5149D29C-C724-47A0-87C2-DABDA9B129CE}.Debug|Any CPU.Build.0 = Debug|Any CPU
		{5149D29C-C724-47A0-87C2-DABDA9B129CE}.Release|Any CPU.ActiveCfg = Release|Any CPU
		{5149D29C-C724-47A0-87C2-DABDA9B129CE}.Release|Any CPU.Build.0 = Release|Any CPU
		{F61E55B9-DEB1-456F-BE8B-D0174C0DB906}.Debug|Any CPU.ActiveCfg = Debug|Any CPU
		{F61E55B9-DEB1-456F-BE8B-D0174C0DB906}.Debug|Any CPU.Build.0 = Debug|Any CPU
		{F61E55B9-DEB1-456F-BE8B-D0174C0DB906}.Release|Any CPU.ActiveCfg = Release|Any CPU
		{F61E55B9-DEB1-456F-BE8B-D0174C0DB906}.Release|Any CPU.Build.0 = Release|Any CPU
	EndGlobalSection
	GlobalSection(SolutionProperties) = preSolution
		HideSolutionNode = FALSE
	EndGlobalSection
	GlobalSection(ExtensibilityGlobals) = postSolution
		SolutionGuid = {40D4290F-63CB-46C7-B153-291195DA3255}
	EndGlobalSection
EndGlobal
